
Microsoft Visual Studio Solution File, Format Version 12.00
# Visual Studio Version 16
VisualStudioVersion = 16.0.31025.194
MinimumVisualStudioVersion = 10.0.40219.1
Project("{8BC9CEB8-8B4A-11D0-8D11-00A0C91BC942}") = "CPP16-LambdaExpression", "CPP16-LambdaExpression.vcxproj", "{5C827F02-8560-4F7C-9427-833E536AF9AB}"
EndProject
Global
	GlobalSection(SolutionConfigurationPlatforms) = preSolution
		Debug|x64 = Debug|x64
		Debug|x86 = Debug|x86
		Release|x64 = Release|x64
		Release|x86 = Release|x86
	EndGlobalSection
	GlobalSection(ProjectConfigurationPlatforms) = postSolution
		{5C827F02-8560-4F7C-9427-833E536AF9AB}.Debug|x64.ActiveCfg = Debug|x64
		{5C827F02-8560-4F7C-9427-833E536AF9AB}.Debug|x64.Build.0 = Debug|x64
		{5C827F02-8560-4F7C-9427-833E536AF9AB}.Debug|x86.ActiveCfg = Debug|Win32
		{5C827F02-8560-4F7C-9427-833E536AF9AB}.Debug|x86.Build.0 = Debug|Win32
		{5C827F02-8560-4F7C-9427-833E536AF9AB}.Release|x64.ActiveCfg = Release|x64
		{5C827F02-8560-4F7C-9427-833E536AF9AB}.Release|x64.Build.0 = Release|x64
		{5C827F02-8560-4F7C-9427-833E536AF9AB}.Release|x86.ActiveCfg = Release|Win32
		{5C827F02-8560-4F7C-9427-833E536AF9AB}.Release|x86.Build.0 = Release|Win32
	EndGlobalSection
	GlobalSection(SolutionProperties) = preSolution
		HideSolutionNode = FALSE
	EndGlobalSection
	GlobalSection(ExtensibilityGlobals) = postSolution
		SolutionGuid = {FF037616-C95F-492A-B2AB-4674D9E8F464}
	EndGlobalSection
EndGlobal
